// !$*UTF8*$!
{
	archiveVersion = 1;
	classes = {
	};
	objectVersion = 56;
	objects = {

/* Begin PBXBuildFile section */
		6CD3F648297B55D60002199C /* TestPPCP3DS2App.swift in Sources */ = {isa = PBXBuildFile; fileRef = 6CD3F647297B55D60002199C /* TestPPCP3DS2App.swift */; };
		6CD3F64A297B55D60002199C /* ContentView.swift in Sources */ = {isa = PBXBuildFile; fileRef = 6CD3F649297B55D60002199C /* ContentView.swift */; };
		6CD3F64C297B55D80002199C /* Assets.xcassets in Resources */ = {isa = PBXBuildFile; fileRef = 6CD3F64B297B55D80002199C /* Assets.xcassets */; };
		6CD3F64F297B55D80002199C /* Preview Assets.xcassets in Resources */ = {isa = PBXBuildFile; fileRef = 6CD3F64E297B55D80002199C /* Preview Assets.xcassets */; };
		6CD3F659297B55D80002199C /* TestPPCP3DS2Tests.swift in Sources */ = {isa = PBXBuildFile; fileRef = 6CD3F658297B55D80002199C /* TestPPCP3DS2Tests.swift */; };
		6CD3F663297B55D80002199C /* TestPPCP3DS2UITests.swift in Sources */ = {isa = PBXBuildFile; fileRef = 6CD3F662297B55D80002199C /* TestPPCP3DS2UITests.swift */; };
		6CD3F665297B55D80002199C /* TestPPCP3DS2UITestsLaunchTests.swift in Sources */ = {isa = PBXBuildFile; fileRef = 6CD3F664297B55D80002199C /* TestPPCP3DS2UITestsLaunchTests.swift */; };
		BCD9366C297F279600657174 /* PayPal3DS2 in Frameworks */ = {isa = PBXBuildFile; productRef = BCD9366B297F279600657174 /* PayPal3DS2 */; };
/* End PBXBuildFile section */

/* Begin PBXContainerItemProxy section */
		6CD3F655297B55D80002199C /* PBXContainerItemProxy */ = {
			isa = PBXContainerItemProxy;
			containerPortal = 6CD3F63C297B55D60002199C /* Project object */;
			proxyType = 1;
			remoteGlobalIDString = 6CD3F643297B55D60002199C;
			remoteInfo = TestPPCP3DS2;
		};
		6CD3F65F297B55D80002199C /* PBXContainerItemProxy */ = {
			isa = PBXContainerItemProxy;
			containerPortal = 6CD3F63C297B55D60002199C /* Project object */;
			proxyType = 1;
			remoteGlobalIDString = 6CD3F643297B55D60002199C;
			remoteInfo = TestPPCP3DS2;
		};
/* End PBXContainerItemProxy section */

/* Begin PBXFileReference section */
		6CD3F644297B55D60002199C /* TestPPCP3DS2.app */ = {isa = PBXFileReference; explicitFileType = wrapper.application; includeInIndex = 0; path = TestPPCP3DS2.app; sourceTree = BUILT_PRODUCTS_DIR; };
		6CD3F647297B55D60002199C /* TestPPCP3DS2App.swift */ = {isa = PBXFileReference; lastKnownFileType = sourcecode.swift; path = TestPPCP3DS2App.swift; sourceTree = "<group>"; };
		6CD3F649297B55D60002199C /* ContentView.swift */ = {isa = PBXFileReference; lastKnownFileType = sourcecode.swift; path = ContentView.swift; sourceTree = "<group>"; };
		6CD3F64B297B55D80002199C /* Assets.xcassets */ = {isa = PBXFileReference; lastKnownFileType = folder.assetcatalog; path = Assets.xcassets; sourceTree = "<group>"; };
		6CD3F64E297B55D80002199C /* Preview Assets.xcassets */ = {isa = PBXFileReference; lastKnownFileType = folder.assetcatalog; path = "Preview Assets.xcassets"; sourceTree = "<group>"; };
		6CD3F654297B55D80002199C /* TestPPCP3DS2Tests.xctest */ = {isa = PBXFileReference; explicitFileType = wrapper.cfbundle; includeInIndex = 0; path = TestPPCP3DS2Tests.xctest; sourceTree = BUILT_PRODUCTS_DIR; };
		6CD3F658297B55D80002199C /* TestPPCP3DS2Tests.swift */ = {isa = PBXFileReference; lastKnownFileType = sourcecode.swift; path = TestPPCP3DS2Tests.swift; sourceTree = "<group>"; };
		6CD3F65E297B55D80002199C /* TestPPCP3DS2UITests.xctest */ = {isa = PBXFileReference; explicitFileType = wrapper.cfbundle; includeInIndex = 0; path = TestPPCP3DS2UITests.xctest; sourceTree = BUILT_PRODUCTS_DIR; };
		6CD3F662297B55D80002199C /* TestPPCP3DS2UITests.swift */ = {isa = PBXFileReference; lastKnownFileType = sourcecode.swift; path = TestPPCP3DS2UITests.swift; sourceTree = "<group>"; };
		6CD3F664297B55D80002199C /* TestPPCP3DS2UITestsLaunchTests.swift */ = {isa = PBXFileReference; lastKnownFileType = sourcecode.swift; path = TestPPCP3DS2UITestsLaunchTests.swift; sourceTree = "<group>"; };
/* End PBXFileReference section */

/* Begin PBXFrameworksBuildPhase section */
		6CD3F641297B55D60002199C /* Frameworks */ = {
			isa = PBXFrameworksBuildPhase;
			buildActionMask = 2147483647;
			files = (
				BCD9366C297F279600657174 /* PayPal3DS2 in Frameworks */,
			);
			runOnlyForDeploymentPostprocessing = 0;
		};
		6CD3F651297B55D80002199C /* Frameworks */ = {
			isa = PBXFrameworksBuildPhase;
			buildActionMask = 2147483647;
			files = (
			);
			runOnlyForDeploymentPostprocessing = 0;
		};
		6CD3F65B297B55D80002199C /* Frameworks */ = {
			isa = PBXFrameworksBuildPhase;
			buildActionMask = 2147483647;
			files = (
			);
			runOnlyForDeploymentPostprocessing = 0;
		};
/* End PBXFrameworksBuildPhase section */

/* Begin PBXGroup section */
		6CD3F63B297B55D60002199C = {
			isa = PBXGroup;
			children = (
				6CD3F646297B55D60002199C /* TestPPCP3DS2 */,
				6CD3F657297B55D80002199C /* TestPPCP3DS2Tests */,
				6CD3F661297B55D80002199C /* TestPPCP3DS2UITests */,
				6CD3F645297B55D60002199C /* Products */,
			);
			sourceTree = "<group>";
		};
		6CD3F645297B55D60002199C /* Products */ = {
			isa = PBXGroup;
			children = (
				6CD3F644297B55D60002199C /* TestPPCP3DS2.app */,
				6CD3F654297B55D80002199C /* TestPPCP3DS2Tests.xctest */,
				6CD3F65E297B55D80002199C /* TestPPCP3DS2UITests.xctest */,
			);
			name = Products;
			sourceTree = "<group>";
		};
		6CD3F646297B55D60002199C /* TestPPCP3DS2 */ = {
			isa = PBXGroup;
			children = (
				6CD3F647297B55D60002199C /* TestPPCP3DS2App.swift */,
				6CD3F649297B55D60002199C /* ContentView.swift */,
				6CD3F64B297B55D80002199C /* Assets.xcassets */,
				6CD3F64D297B55D80002199C /* Preview Content */,
			);
			path = TestPPCP3DS2;
			sourceTree = "<group>";
		};
		6CD3F64D297B55D80002199C /* Preview Content */ = {
			isa = PBXGroup;
			children = (
				6CD3F64E297B55D80002199C /* Preview Assets.xcassets */,
			);
			path = "Preview Content";
			sourceTree = "<group>";
		};
		6CD3F657297B55D80002199C /* TestPPCP3DS2Tests */ = {
			isa = PBXGroup;
			children = (
				6CD3F658297B55D80002199C /* TestPPCP3DS2Tests.swift */,
			);
			path = TestPPCP3DS2Tests;
			sourceTree = "<group>";
		};
		6CD3F661297B55D80002199C /* TestPPCP3DS2UITests */ = {
			isa = PBXGroup;
			children = (
				6CD3F662297B55D80002199C /* TestPPCP3DS2UITests.swift */,
				6CD3F664297B55D80002199C /* TestPPCP3DS2UITestsLaunchTests.swift */,
			);
			path = TestPPCP3DS2UITests;
			sourceTree = "<group>";
		};
/* End PBXGroup section */

/* Begin PBXNativeTarget section */
		6CD3F643297B55D60002199C /* TestPPCP3DS2 */ = {
			isa = PBXNativeTarget;
			buildConfigurationList = 6CD3F668297B55D80002199C /* Build configuration list for PBXNativeTarget "TestPPCP3DS2" */;
			buildPhases = (
				6CD3F640297B55D60002199C /* Sources */,
				6CD3F641297B55D60002199C /* Frameworks */,
				6CD3F642297B55D60002199C /* Resources */,
			);
			buildRules = (
			);
			dependencies = (
			);
			name = TestPPCP3DS2;
			packageProductDependencies = (
				BCD9366B297F279600657174 /* PayPal3DS2 */,
			);
			productName = TestPPCP3DS2;
			productReference = 6CD3F644297B55D60002199C /* TestPPCP3DS2.app */;
			productType = "com.apple.product-type.application";
		};
		6CD3F653297B55D80002199C /* TestPPCP3DS2Tests */ = {
			isa = PBXNativeTarget;
			buildConfigurationList = 6CD3F66B297B55D80002199C /* Build configuration list for PBXNativeTarget "TestPPCP3DS2Tests" */;
			buildPhases = (
				6CD3F650297B55D80002199C /* Sources */,
				6CD3F651297B55D80002199C /* Frameworks */,
				6CD3F652297B55D80002199C /* Resources */,
			);
			buildRules = (
			);
			dependencies = (
				6CD3F656297B55D80002199C /* PBXTargetDependency */,
			);
			name = TestPPCP3DS2Tests;
			productName = TestPPCP3DS2Tests;
			productReference = 6CD3F654297B55D80002199C /* TestPPCP3DS2Tests.xctest */;
			productType = "com.apple.product-type.bundle.unit-test";
		};
		6CD3F65D297B55D80002199C /* TestPPCP3DS2UITests */ = {
			isa = PBXNativeTarget;
			buildConfigurationList = 6CD3F66E297B55D80002199C /* Build configuration list for PBXNativeTarget "TestPPCP3DS2UITests" */;
			buildPhases = (
				6CD3F65A297B55D80002199C /* Sources */,
				6CD3F65B297B55D80002199C /* Frameworks */,
				6CD3F65C297B55D80002199C /* Resources */,
			);
			buildRules = (
			);
			dependencies = (
				6CD3F660297B55D80002199C /* PBXTargetDependency */,
			);
			name = TestPPCP3DS2UITests;
			productName = TestPPCP3DS2UITests;
			productReference = 6CD3F65E297B55D80002199C /* TestPPCP3DS2UITests.xctest */;
			productType = "com.apple.product-type.bundle.ui-testing";
		};
/* End PBXNativeTarget section */

/* Begin PBXProject section */
		6CD3F63C297B55D60002199C /* Project object */ = {
			isa = PBXProject;
			attributes = {
				BuildIndependentTargetsInParallel = 1;
				LastSwiftUpdateCheck = 1400;
				LastUpgradeCheck = 1400;
				TargetAttributes = {
					6CD3F643297B55D60002199C = {
						CreatedOnToolsVersion = 14.0.1;
					};
					6CD3F653297B55D80002199C = {
						CreatedOnToolsVersion = 14.0.1;
						TestTargetID = 6CD3F643297B55D60002199C;
					};
					6CD3F65D297B55D80002199C = {
						CreatedOnToolsVersion = 14.0.1;
						TestTargetID = 6CD3F643297B55D60002199C;
					};
				};
			};
			buildConfigurationList = 6CD3F63F297B55D60002199C /* Build configuration list for PBXProject "TestPPCP3DS2" */;
			compatibilityVersion = "Xcode 14.0";
			developmentRegion = en;
			hasScannedForEncodings = 0;
			knownRegions = (
				en,
				Base,
			);
			mainGroup = 6CD3F63B297B55D60002199C;
			packageReferences = (
				BCD9366A297F279600657174 /* XCRemoteSwiftPackageReference "PayPal3DS2" */,
			);
			productRefGroup = 6CD3F645297B55D60002199C /* Products */;
			projectDirPath = "";
			projectRoot = "";
			targets = (
				6CD3F643297B55D60002199C /* TestPPCP3DS2 */,
				6CD3F653297B55D80002199C /* TestPPCP3DS2Tests */,
				6CD3F65D297B55D80002199C /* TestPPCP3DS2UITests */,
			);
		};
/* End PBXProject section */

/* Begin PBXResourcesBuildPhase section */
		6CD3F642297B55D60002199C /* Resources */ = {
			isa = PBXResourcesBuildPhase;
			buildActionMask = 2147483647;
			files = (
				6CD3F64F297B55D80002199C /* Preview Assets.xcassets in Resources */,
				6CD3F64C297B55D80002199C /* Assets.xcassets in Resources */,
			);
			runOnlyForDeploymentPostprocessing = 0;
		};
		6CD3F652297B55D80002199C /* Resources */ = {
			isa = PBXResourcesBuildPhase;
			buildActionMask = 2147483647;
			files = (
			);
			runOnlyForDeploymentPostprocessing = 0;
		};
		6CD3F65C297B55D80002199C /* Resources */ = {
			isa = PBXResourcesBuildPhase;
			buildActionMask = 2147483647;
			files = (
			);
			runOnlyForDeploymentPostprocessing = 0;
		};
/* End PBXResourcesBuildPhase section */

/* Begin PBXSourcesBuildPhase section */
		6CD3F640297B55D60002199C /* Sources */ = {
			isa = PBXSourcesBuildPhase;
			buildActionMask = 2147483647;
			files = (
				6CD3F64A297B55D60002199C /* ContentView.swift in Sources */,
				6CD3F648297B55D60002199C /* TestPPCP3DS2App.swift in Sources */,
			);
			runOnlyForDeploymentPostprocessing = 0;
		};
		6CD3F650297B55D80002199C /* Sources */ = {
			isa = PBXSourcesBuildPhase;
			buildActionMask = 2147483647;
			files = (
				6CD3F659297B55D80002199C /* TestPPCP3DS2Tests.swift in Sources */,
			);
			runOnlyForDeploymentPostprocessing = 0;
		};
		6CD3F65A297B55D80002199C /* Sources */ = {
			isa = PBXSourcesBuildPhase;
			buildActionMask = 2147483647;
			files = (
				6CD3F663297B55D80002199C /* TestPPCP3DS2UITests.swift in Sources */,
				6CD3F665297B55D80002199C /* TestPPCP3DS2UITestsLaunchTests.swift in Sources */,
			);
			runOnlyForDeploymentPostprocessing = 0;
		};
/* End PBXSourcesBuildPhase section */

/* Begin PBXTargetDependency section */
		6CD3F656297B55D80002199C /* PBXTargetDependency */ = {
			isa = PBXTargetDependency;
			target = 6CD3F643297B55D60002199C /* TestPPCP3DS2 */;
			targetProxy = 6CD3F655297B55D80002199C /* PBXContainerItemProxy */;
		};
		6CD3F660297B55D80002199C /* PBXTargetDependency */ = {
			isa = PBXTargetDependency;
			target = 6CD3F643297B55D60002199C /* TestPPCP3DS2 */;
			targetProxy = 6CD3F65F297B55D80002199C /* PBXContainerItemProxy */;
		};
/* End PBXTargetDependency section */

/* Begin XCBuildConfiguration section */
		6CD3F666297B55D80002199C /* Debug */ = {
			isa = XCBuildConfiguration;
			buildSettings = {
				ALWAYS_SEARCH_USER_PATHS = NO;
				CLANG_ANALYZER_NONNULL = YES;
				CLANG_ANALYZER_NUMBER_OBJECT_CONVERSION = YES_AGGRESSIVE;
				CLANG_CXX_LANGUAGE_STANDARD = "gnu++20";
				CLANG_ENABLE_MODULES = YES;
				CLANG_ENABLE_OBJC_ARC = YES;
				CLANG_ENABLE_OBJC_WEAK = YES;
				CLANG_WARN_BLOCK_CAPTURE_AUTORELEASING = YES;
				CLANG_WARN_BOOL_CONVERSION = YES;
				CLANG_WARN_COMMA = YES;
				CLANG_WARN_CONSTANT_CONVERSION = YES;
				CLANG_WARN_DEPRECATED_OBJC_IMPLEMENTATIONS = YES;
				CLANG_WARN_DIRECT_OBJC_ISA_USAGE = YES_ERROR;
				CLANG_WARN_DOCUMENTATION_COMMENTS = YES;
				CLANG_WARN_EMPTY_BODY = YES;
				CLANG_WARN_ENUM_CONVERSION = YES;
				CLANG_WARN_INFINITE_RECURSION = YES;
				CLANG_WARN_INT_CONVERSION = YES;
				CLANG_WARN_NON_LITERAL_NULL_CONVERSION = YES;
				CLANG_WARN_OBJC_IMPLICIT_RETAIN_SELF = YES;
				CLANG_WARN_OBJC_LITERAL_CONVERSION = YES;
				CLANG_WARN_OBJC_ROOT_CLASS = YES_ERROR;
				CLANG_WARN_QUOTED_INCLUDE_IN_FRAMEWORK_HEADER = YES;
				CLANG_WARN_RANGE_LOOP_ANALYSIS = YES;
				CLANG_WARN_STRICT_PROTOTYPES = YES;
				CLANG_WARN_SUSPICIOUS_MOVE = YES;
				CLANG_WARN_UNGUARDED_AVAILABILITY = YES_AGGRESSIVE;
				CLANG_WARN_UNREACHABLE_CODE = YES;
				CLANG_WARN__DUPLICATE_METHOD_MATCH = YES;
				COPY_PHASE_STRIP = NO;
				DEBUG_INFORMATION_FORMAT = dwarf;
				ENABLE_STRICT_OBJC_MSGSEND = YES;
				ENABLE_TESTABILITY = YES;
				GCC_C_LANGUAGE_STANDARD = gnu11;
				GCC_DYNAMIC_NO_PIC = NO;
				GCC_NO_COMMON_BLOCKS = YES;
				GCC_OPTIMIZATION_LEVEL = 0;
				GCC_PREPROCESSOR_DEFINITIONS = (
					"DEBUG=1",
					"$(inherited)",
				);
				GCC_WARN_64_TO_32_BIT_CONVERSION = YES;
				GCC_WARN_ABOUT_RETURN_TYPE = YES_ERROR;
				GCC_WARN_UNDECLARED_SELECTOR = YES;
				GCC_WARN_UNINITIALIZED_AUTOS = YES_AGGRESSIVE;
				GCC_WARN_UNUSED_FUNCTION = YES;
				GCC_WARN_UNUSED_VARIABLE = YES;
				IPHONEOS_DEPLOYMENT_TARGET = 16.0;
				MTL_ENABLE_DEBUG_INFO = INCLUDE_SOURCE;
				MTL_FAST_MATH = YES;
				ONLY_ACTIVE_ARCH = YES;
				SDKROOT = iphoneos;
				SWIFT_ACTIVE_COMPILATION_CONDITIONS = DEBUG;
				SWIFT_OPTIMIZATION_LEVEL = "-Onone";
			};
			name = Debug;
		};
		6CD3F667297B55D80002199C /* Release */ = {
			isa = XCBuildConfiguration;
			buildSettings = {
				ALWAYS_SEARCH_USER_PATHS = NO;
				CLANG_ANALYZER_NONNULL = YES;
				CLANG_ANALYZER_NUMBER_OBJECT_CONVERSION = YES_AGGRESSIVE;
				CLANG_CXX_LANGUAGE_STANDARD = "gnu++20";
				CLANG_ENABLE_MODULES = YES;
				CLANG_ENABLE_OBJC_ARC = YES;
				CLANG_ENABLE_OBJC_WEAK = YES;
				CLANG_WARN_BLOCK_CAPTURE_AUTORELEASING = YES;
				CLANG_WARN_BOOL_CONVERSION = YES;
				CLANG_WARN_COMMA = YES;
				CLANG_WARN_CONSTANT_CONVERSION = YES;
				CLANG_WARN_DEPRECATED_OBJC_IMPLEMENTATIONS = YES;
				CLANG_WARN_DIRECT_OBJC_ISA_USAGE = YES_ERROR;
				CLANG_WARN_DOCUMENTATION_COMMENTS = YES;
				CLANG_WARN_EMPTY_BODY = YES;
				CLANG_WARN_ENUM_CONVERSION = YES;
				CLANG_WARN_INFINITE_RECURSION = YES;
				CLANG_WARN_INT_CONVERSION = YES;
				CLANG_WARN_NON_LITERAL_NULL_CONVERSION = YES;
				CLANG_WARN_OBJC_IMPLICIT_RETAIN_SELF = YES;
				CLANG_WARN_OBJC_LITERAL_CONVERSION = YES;
				CLANG_WARN_OBJC_ROOT_CLASS = YES_ERROR;
				CLANG_WARN_QUOTED_INCLUDE_IN_FRAMEWORK_HEADER = YES;
				CLANG_WARN_RANGE_LOOP_ANALYSIS = YES;
				CLANG_WARN_STRICT_PROTOTYPES = YES;
				CLANG_WARN_SUSPICIOUS_MOVE = YES;
				CLANG_WARN_UNGUARDED_AVAILABILITY = YES_AGGRESSIVE;
				CLANG_WARN_UNREACHABLE_CODE = YES;
				CLANG_WARN__DUPLICATE_METHOD_MATCH = YES;
				COPY_PHASE_STRIP = NO;
				DEBUG_INFORMATION_FORMAT = "dwarf-with-dsym";
				ENABLE_NS_ASSERTIONS = NO;
				ENABLE_STRICT_OBJC_MSGSEND = YES;
				GCC_C_LANGUAGE_STANDARD = gnu11;
				GCC_NO_COMMON_BLOCKS = YES;
				GCC_WARN_64_TO_32_BIT_CONVERSION = YES;
				GCC_WARN_ABOUT_RETURN_TYPE = YES_ERROR;
				GCC_WARN_UNDECLARED_SELECTOR = YES;
				GCC_WARN_UNINITIALIZED_AUTOS = YES_AGGRESSIVE;
				GCC_WARN_UNUSED_FUNCTION = YES;
				GCC_WARN_UNUSED_VARIABLE = YES;
				IPHONEOS_DEPLOYMENT_TARGET = 16.0;
				MTL_ENABLE_DEBUG_INFO = NO;
				MTL_FAST_MATH = YES;
				SDKROOT = iphoneos;
				SWIFT_COMPILATION_MODE = wholemodule;
				SWIFT_OPTIMIZATION_LEVEL = "-O";
				VALIDATE_PRODUCT = YES;
			};
			name = Release;
		};
		6CD3F669297B55D80002199C /* Debug */ = {
			isa = XCBuildConfiguration;
			buildSettings = {
				ASSETCATALOG_COMPILER_APPICON_NAME = AppIcon;
				ASSETCATALOG_COMPILER_GLOBAL_ACCENT_COLOR_NAME = AccentColor;
				CODE_SIGN_STYLE = Automatic;
				CURRENT_PROJECT_VERSION = 1;
				DEVELOPMENT_ASSET_PATHS = "\"TestPPCP3DS2/Preview Content\"";
				DEVELOPMENT_TEAM = TJ642NUXT9;
				ENABLE_PREVIEWS = YES;
				GENERATE_INFOPLIST_FILE = YES;
				INFOPLIST_KEY_UIApplicationSceneManifest_Generation = YES;
				INFOPLIST_KEY_UIApplicationSupportsIndirectInputEvents = YES;
				INFOPLIST_KEY_UILaunchScreen_Generation = YES;
				INFOPLIST_KEY_UISupportedInterfaceOrientations_iPad = "UIInterfaceOrientationPortrait UIInterfaceOrientationPortraitUpsideDown UIInterfaceOrientationLandscapeLeft UIInterfaceOrientationLandscapeRight";
				INFOPLIST_KEY_UISupportedInterfaceOrientations_iPhone = "UIInterfaceOrientationPortrait UIInterfaceOrientationLandscapeLeft UIInterfaceOrientationLandscapeRight";
				LD_RUNPATH_SEARCH_PATHS = (
					"$(inherited)",
					"@executable_path/Frameworks",
				);
				MARKETING_VERSION = 1.0;
				PRODUCT_BUNDLE_IDENTIFIER = yoseph.com.TestPPCP3DS2;
				PRODUCT_NAME = "$(TARGET_NAME)";
				SWIFT_EMIT_LOC_STRINGS = YES;
				SWIFT_VERSION = 5.0;
				TARGETED_DEVICE_FAMILY = "1,2";
			};
			name = Debug;
		};
		6CD3F66A297B55D80002199C /* Release */ = {
			isa = XCBuildConfiguration;
			buildSettings = {
				ASSETCATALOG_COMPILER_APPICON_NAME = AppIcon;
				ASSETCATALOG_COMPILER_GLOBAL_ACCENT_COLOR_NAME = AccentColor;
				CODE_SIGN_STYLE = Automatic;
				CURRENT_PROJECT_VERSION = 1;
				DEVELOPMENT_ASSET_PATHS = "\"TestPPCP3DS2/Preview Content\"";
				DEVELOPMENT_TEAM = TJ642NUXT9;
				ENABLE_PREVIEWS = YES;
				GENERATE_INFOPLIST_FILE = YES;
				INFOPLIST_KEY_UIApplicationSceneManifest_Generation = YES;
				INFOPLIST_KEY_UIApplicationSupportsIndirectInputEvents = YES;
				INFOPLIST_KEY_UILaunchScreen_Generation = YES;
				INFOPLIST_KEY_UISupportedInterfaceOrientations_iPad = "UIInterfaceOrientationPortrait UIInterfaceOrientationPortraitUpsideDown UIInterfaceOrientationLandscapeLeft UIInterfaceOrientationLandscapeRight";
				INFOPLIST_KEY_UISupportedInterfaceOrientations_iPhone = "UIInterfaceOrientationPortrait UIInterfaceOrientationLandscapeLeft UIInterfaceOrientationLandscapeRight";
				LD_RUNPATH_SEARCH_PATHS = (
					"$(inherited)",
					"@executable_path/Frameworks",
				);
				MARKETING_VERSION = 1.0;
				PRODUCT_BUNDLE_IDENTIFIER = yoseph.com.TestPPCP3DS2;
				PRODUCT_NAME = "$(TARGET_NAME)";
				SWIFT_EMIT_LOC_STRINGS = YES;
				SWIFT_VERSION = 5.0;
				TARGETED_DEVICE_FAMILY = "1,2";
			};
			name = Release;
		};
		6CD3F66C297B55D80002199C /* Debug */ = {
			isa = XCBuildConfiguration;
			buildSettings = {
				ALWAYS_EMBED_SWIFT_STANDARD_LIBRARIES = YES;
				BUNDLE_LOADER = "$(TEST_HOST)";
				CODE_SIGN_STYLE = Automatic;
				CURRENT_PROJECT_VERSION = 1;
				DEVELOPMENT_TEAM = TJ642NUXT9;
				GENERATE_INFOPLIST_FILE = YES;
				IPHONEOS_DEPLOYMENT_TARGET = 16.0;
				MARKETING_VERSION = 1.0;
				PRODUCT_BUNDLE_IDENTIFIER = yoseph.com.TestPPCP3DS2Tests;
				PRODUCT_NAME = "$(TARGET_NAME)";
				SWIFT_EMIT_LOC_STRINGS = NO;
				SWIFT_VERSION = 5.0;
				TARGETED_DEVICE_FAMILY = "1,2";
				TEST_HOST = "$(BUILT_PRODUCTS_DIR)/TestPPCP3DS2.app/$(BUNDLE_EXECUTABLE_FOLDER_PATH)/TestPPCP3DS2";
			};
			name = Debug;
		};
		6CD3F66D297B55D80002199C /* Release */ = {
			isa = XCBuildConfiguration;
			buildSettings = {
				ALWAYS_EMBED_SWIFT_STANDARD_LIBRARIES = YES;
				BUNDLE_LOADER = "$(TEST_HOST)";
				CODE_SIGN_STYLE = Automatic;
				CURRENT_PROJECT_VERSION = 1;
				DEVELOPMENT_TEAM = TJ642NUXT9;
				GENERATE_INFOPLIST_FILE = YES;
				IPHONEOS_DEPLOYMENT_TARGET = 16.0;
				MARKETING_VERSION = 1.0;
				PRODUCT_BUNDLE_IDENTIFIER = yoseph.com.TestPPCP3DS2Tests;
				PRODUCT_NAME = "$(TARGET_NAME)";
				SWIFT_EMIT_LOC_STRINGS = NO;
				SWIFT_VERSION = 5.0;
				TARGETED_DEVICE_FAMILY = "1,2";
				TEST_HOST = "$(BUILT_PRODUCTS_DIR)/TestPPCP3DS2.app/$(BUNDLE_EXECUTABLE_FOLDER_PATH)/TestPPCP3DS2";
			};
			name = Release;
		};
		6CD3F66F297B55D80002199C /* Debug */ = {
			isa = XCBuildConfiguration;
			buildSettings = {
				ALWAYS_EMBED_SWIFT_STANDARD_LIBRARIES = YES;
				CODE_SIGN_STYLE = Automatic;
				CURRENT_PROJECT_VERSION = 1;
				DEVELOPMENT_TEAM = TJ642NUXT9;
				GENERATE_INFOPLIST_FILE = YES;
				MARKETING_VERSION = 1.0;
				PRODUCT_BUNDLE_IDENTIFIER = yoseph.com.TestPPCP3DS2UITests;
				PRODUCT_NAME = "$(TARGET_NAME)";
				SWIFT_EMIT_LOC_STRINGS = NO;
				SWIFT_VERSION = 5.0;
				TARGETED_DEVICE_FAMILY = "1,2";
				TEST_TARGET_NAME = TestPPCP3DS2;
			};
			name = Debug;
		};
		6CD3F670297B55D80002199C /* Release */ = {
			isa = XCBuildConfiguration;
			buildSettings = {
				ALWAYS_EMBED_SWIFT_STANDARD_LIBRARIES = YES;
				CODE_SIGN_STYLE = Automatic;
				CURRENT_PROJECT_VERSION = 1;
				DEVELOPMENT_TEAM = TJ642NUXT9;
				GENERATE_INFOPLIST_FILE = YES;
				MARKETING_VERSION = 1.0;
				PRODUCT_BUNDLE_IDENTIFIER = yoseph.com.TestPPCP3DS2UITests;
				PRODUCT_NAME = "$(TARGET_NAME)";
				SWIFT_EMIT_LOC_STRINGS = NO;
				SWIFT_VERSION = 5.0;
				TARGETED_DEVICE_FAMILY = "1,2";
				TEST_TARGET_NAME = TestPPCP3DS2;
			};
			name = Release;
		};
/* End XCBuildConfiguration section */

/* Begin XCConfigurationList section */
		6CD3F63F297B55D60002199C /* Build configuration list for PBXProject "TestPPCP3DS2" */ = {
			isa = XCConfigurationList;
			buildConfigurations = (
				6CD3F666297B55D80002199C /* Debug */,
				6CD3F667297B55D80002199C /* Release */,
			);
			defaultConfigurationIsVisible = 0;
			defaultConfigurationName = Release;
		};
		6CD3F668297B55D80002199C /* Build configuration list for PBXNativeTarget "TestPPCP3DS2" */ = {
			isa = XCConfigurationList;
			buildConfigurations = (
				6CD3F669297B55D80002199C /* Debug */,
				6CD3F66A297B55D80002199C /* Release */,
			);
			defaultConfigurationIsVisible = 0;
			defaultConfigurationName = Release;
		};
		6CD3F66B297B55D80002199C /* Build configuration list for PBXNativeTarget "TestPPCP3DS2Tests" */ = {
			isa = XCConfigurationList;
			buildConfigurations = (
				6CD3F66C297B55D80002199C /* Debug */,
				6CD3F66D297B55D80002199C /* Release */,
			);
			defaultConfigurationIsVisible = 0;
			defaultConfigurationName = Release;
		};
		6CD3F66E297B55D80002199C /* Build configuration list for PBXNativeTarget "TestPPCP3DS2UITests" */ = {
			isa = XCConfigurationList;
			buildConfigurations = (
				6CD3F66F297B55D80002199C /* Debug */,
				6CD3F670297B55D80002199C /* Release */,
			);
			defaultConfigurationIsVisible = 0;
			defaultConfigurationName = Release;
		};
/* End XCConfigurationList section */

/* Begin XCRemoteSwiftPackageReference section */
		BCD9366A297F279600657174 /* XCRemoteSwiftPackageReference "PayPal3DS2" */ = {
			isa = XCRemoteSwiftPackageReference;
			repositoryURL = "https://github.com/Yoseph-YT/PayPal3DS2.git";
			requirement = {
				branch = main;
				kind = branch;
			};
		};
/* End XCRemoteSwiftPackageReference section */

/* Begin XCSwiftPackageProductDependency section */
		BCD9366B297F279600657174 /* PayPal3DS2 */ = {
			isa = XCSwiftPackageProductDependency;
			package = BCD9366A297F279600657174 /* XCRemoteSwiftPackageReference "PayPal3DS2" */;
			productName = PayPal3DS2;
		};
/* End XCSwiftPackageProductDependency section */
	};
	rootObject = 6CD3F63C297B55D60002199C /* Project object */;
}
